
Microsoft Visual Studio Solution File, Format Version 12.00
# Visual Studio Version 17
VisualStudioVersion = 17.9.34902.65
MinimumVisualStudioVersion = 10.0.40219.1
Project("{9A19103F-16F7-4668-BE54-9A1E7A4F7556}") = "BlulkyBook.Web", "BlukyWeb\BlulkyBook.Web.csproj", "{99CD8545-0753-4D37-88EB-999E165ADB54}"
EndProject
Project("{9A19103F-16F7-4668-BE54-9A1E7A4F7556}") = "BlulkyBook.DataAccess", "Bulky.DataAccess\BlulkyBook.DataAccess.csproj", "{6BFB7C95-84C5-489D-B742-4DDB844DDA53}"
EndProject
Project("{9A19103F-16F7-4668-BE54-9A1E7A4F7556}") = "BlulkyBook.Models", "Bulky.Models\BlulkyBook.Models.csproj", "{8C490565-1F90-4FA1-A93E-4C9D36BC26DA}"
EndProject
Project("{9A19103F-16F7-4668-BE54-9A1E7A4F7556}") = "BlulkyBook.Utility", "Bulky.Utility\BlulkyBook.Utility.csproj", "{4981FEFF-C135-4076-8AE0-19B8AEB64801}"
EndProject
Global
	GlobalSection(SolutionConfigurationPlatforms) = preSolution
		Debug|Any CPU = Debug|Any CPU
		Release|Any CPU = Release|Any CPU
	EndGlobalSection
	GlobalSection(ProjectConfigurationPlatforms) = postSolution
		{99CD8545-0753-4D37-88EB-999E165ADB54}.Debug|Any CPU.ActiveCfg = Debug|Any CPU
		{99CD8545-0753-4D37-88EB-999E165ADB54}.Debug|Any CPU.Build.0 = Debug|Any CPU
		{99CD8545-0753-4D37-88EB-999E165ADB54}.Release|Any CPU.ActiveCfg = Release|Any CPU
		{99CD8545-0753-4D37-88EB-999E165ADB54}.Release|Any CPU.Build.0 = Release|Any CPU
		{6BFB7C95-84C5-489D-B742-4DDB844DDA53}.Debug|Any CPU.ActiveCfg = Debug|Any CPU
		{6BFB7C95-84C5-489D-B742-4DDB844DDA53}.Debug|Any CPU.Build.0 = Debug|Any CPU
		{6BFB7C95-84C5-489D-B742-4DDB844DDA53}.Release|Any CPU.ActiveCfg = Release|Any CPU
		{6BFB7C95-84C5-489D-B742-4DDB844DDA53}.Release|Any CPU.Build.0 = Release|Any CPU
		{8C490565-1F90-4FA1-A93E-4C9D36BC26DA}.Debug|Any CPU.ActiveCfg = Debug|Any CPU
		{8C490565-1F90-4FA1-A93E-4C9D36BC26DA}.Debug|Any CPU.Build.0 = Debug|Any CPU
		{8C490565-1F90-4FA1-A93E-4C9D36BC26DA}.Release|Any CPU.ActiveCfg = Release|Any CPU
		{8C490565-1F90-4FA1-A93E-4C9D36BC26DA}.Release|Any CPU.Build.0 = Release|Any CPU
		{4981FEFF-C135-4076-8AE0-19B8AEB64801}.Debug|Any CPU.ActiveCfg = Debug|Any CPU
		{4981FEFF-C135-4076-8AE0-19B8AEB64801}.Debug|Any CPU.Build.0 = Debug|Any CPU
		{4981FEFF-C135-4076-8AE0-19B8AEB64801}.Release|Any CPU.ActiveCfg = Release|Any CPU
		{4981FEFF-C135-4076-8AE0-19B8AEB64801}.Release|Any CPU.Build.0 = Release|Any CPU
	EndGlobalSection
	GlobalSection(SolutionProperties) = preSolution
		HideSolutionNode = FALSE
	EndGlobalSection
	GlobalSection(ExtensibilityGlobals) = postSolution
		SolutionGuid = {BC0845FD-5966-4F78-87EA-49959FAC37ED}
	EndGlobalSection
EndGlobal
